// !$*UTF8*$!
{
	archiveVersion = 1;
	classes = {
	};
	objectVersion = 55;
	objects = {

/* Begin PBXBuildFile section */
		F21FA6B12719F1EC00DA09AE /* AppDelegate.swift in Sources */ = {isa = PBXBuildFile; fileRef = F21FA6B02719F1EC00DA09AE /* AppDelegate.swift */; };
		F21FA6B32719F1EC00DA09AE /* SceneDelegate.swift in Sources */ = {isa = PBXBuildFile; fileRef = F21FA6B22719F1EC00DA09AE /* SceneDelegate.swift */; };
		F21FA6B52719F1EC00DA09AE /* ViewController.swift in Sources */ = {isa = PBXBuildFile; fileRef = F21FA6B42719F1EC00DA09AE /* ViewController.swift */; };
		F21FA6B82719F1EC00DA09AE /* Main.storyboard in Resources */ = {isa = PBXBuildFile; fileRef = F21FA6B62719F1EC00DA09AE /* Main.storyboard */; };
		F21FA6BA2719F1EE00DA09AE /* Assets.xcassets in Resources */ = {isa = PBXBuildFile; fileRef = F21FA6B92719F1EE00DA09AE /* Assets.xcassets */; };
		F21FA6BD2719F1EE00DA09AE /* LaunchScreen.storyboard in Resources */ = {isa = PBXBuildFile; fileRef = F21FA6BB2719F1EE00DA09AE /* LaunchScreen.storyboard */; };
		F21FA6C52719F21A00DA09AE /* Location.swift in Sources */ = {isa = PBXBuildFile; fileRef = F21FA6C42719F21A00DA09AE /* Location.swift */; };
		F21FA6C72719F2C800DA09AE /* RealmFile.json in Resources */ = {isa = PBXBuildFile; fileRef = F21FA6C62719F2C800DA09AE /* RealmFile.json */; };
/* End PBXBuildFile section */

/* Begin PBXFileReference section */
		F21FA6AD2719F1EC00DA09AE /* Exporter-csv.app */ = {isa = PBXFileReference; explicitFileType = wrapper.application; includeInIndex = 0; path = "Exporter-csv.app"; sourceTree = BUILT_PRODUCTS_DIR; };
		F21FA6B02719F1EC00DA09AE /* AppDelegate.swift */ = {isa = PBXFileReference; lastKnownFileType = sourcecode.swift; path = AppDelegate.swift; sourceTree = "<group>"; };
		F21FA6B22719F1EC00DA09AE /* SceneDelegate.swift */ = {isa = PBXFileReference; lastKnownFileType = sourcecode.swift; path = SceneDelegate.swift; sourceTree = "<group>"; };
		F21FA6B42719F1EC00DA09AE /* ViewController.swift */ = {isa = PBXFileReference; lastKnownFileType = sourcecode.swift; path = ViewController.swift; sourceTree = "<group>"; };
		F21FA6B72719F1EC00DA09AE /* Base */ = {isa = PBXFileReference; lastKnownFileType = file.storyboard; name = Base; path = Base.lproj/Main.storyboard; sourceTree = "<group>"; };
		F21FA6B92719F1EE00DA09AE /* Assets.xcassets */ = {isa = PBXFileReference; lastKnownFileType = folder.assetcatalog; path = Assets.xcassets; sourceTree = "<group>"; };
		F21FA6BC2719F1EE00DA09AE /* Base */ = {isa = PBXFileReference; lastKnownFileType = file.storyboard; name = Base; path = Base.lproj/LaunchScreen.storyboard; sourceTree = "<group>"; };
		F21FA6BE2719F1EE00DA09AE /* Info.plist */ = {isa = PBXFileReference; lastKnownFileType = text.plist.xml; path = Info.plist; sourceTree = "<group>"; };
		F21FA6C42719F21A00DA09AE /* Location.swift */ = {isa = PBXFileReference; lastKnownFileType = sourcecode.swift; path = Location.swift; sourceTree = "<group>"; };
		F21FA6C62719F2C800DA09AE /* RealmFile.json */ = {isa = PBXFileReference; fileEncoding = 4; lastKnownFileType = text.json; path = RealmFile.json; sourceTree = "<group>"; };
/* End PBXFileReference section */

/* Begin PBXFrameworksBuildPhase section */
		F21FA6AA2719F1EC00DA09AE /* Frameworks */ = {
			isa = PBXFrameworksBuildPhase;
			buildActionMask = 2147483647;
			files = (
			);
			runOnlyForDeploymentPostprocessing = 0;
		};
/* End PBXFrameworksBuildPhase section */

/* Begin PBXGroup section */
		F21FA6A42719F1EC00DA09AE = {
			isa = PBXGroup;
			children = (
				F21FA6AF2719F1EC00DA09AE /* Exporter-csv */,
				F21FA6AE2719F1EC00DA09AE /* Products */,
			);
			sourceTree = "<group>";
		};
		F21FA6AE2719F1EC00DA09AE /* Products */ = {
			isa = PBXGroup;
			children = (
				F21FA6AD2719F1EC00DA09AE /* Exporter-csv.app */,
			);
			name = Products;
			sourceTree = "<group>";
		};
		F21FA6AF2719F1EC00DA09AE /* Exporter-csv */ = {
			isa = PBXGroup;
			children = (
				F21FA6C62719F2C800DA09AE /* RealmFile.json */,
				F21FA6B02719F1EC00DA09AE /* AppDelegate.swift */,
				F21FA6B22719F1EC00DA09AE /* SceneDelegate.swift */,
				F21FA6C42719F21A00DA09AE /* Location.swift */,
				F21FA6B42719F1EC00DA09AE /* ViewController.swift */,
				F21FA6B62719F1EC00DA09AE /* Main.storyboard */,
				F21FA6B92719F1EE00DA09AE /* Assets.xcassets */,
				F21FA6BB2719F1EE00DA09AE /* LaunchScreen.storyboard */,
				F21FA6BE2719F1EE00DA09AE /* Info.plist */,
			);
			path = "Exporter-csv";
			sourceTree = "<group>";
		};
/* End PBXGroup section */

/* Begin PBXNativeTarget section */
		F21FA6AC2719F1EC00DA09AE /* Exporter-csv */ = {
			isa = PBXNativeTarget;
			buildConfigurationList = F21FA6C12719F1EE00DA09AE /* Build configuration list for PBXNativeTarget "Exporter-csv" */;
			buildPhases = (
				F21FA6A92719F1EC00DA09AE /* Sources */,
				F21FA6AA2719F1EC00DA09AE /* Frameworks */,
				F21FA6AB2719F1EC00DA09AE /* Resources */,
			);
			buildRules = (
			);
			dependencies = (
			);
			name = "Exporter-csv";
			productName = "Exporter-csv";
			productReference = F21FA6AD2719F1EC00DA09AE /* Exporter-csv.app */;
			productType = "com.apple.product-type.application";
		};
/* End PBXNativeTarget section */

/* Begin PBXProject section */
		F21FA6A52719F1EC00DA09AE /* Project object */ = {
			isa = PBXProject;
			attributes = {
				BuildIndependentTargetsInParallel = 1;
				LastSwiftUpdateCheck = 1300;
				LastUpgradeCheck = 1300;
				TargetAttributes = {
					F21FA6AC2719F1EC00DA09AE = {
						CreatedOnToolsVersion = 13.0;
					};
				};
			};
			buildConfigurationList = F21FA6A82719F1EC00DA09AE /* Build configuration list for PBXProject "Exporter-csv" */;
			compatibilityVersion = "Xcode 13.0";
			developmentRegion = en;
			hasScannedForEncodings = 0;
			knownRegions = (
				en,
				Base,
			);
			mainGroup = F21FA6A42719F1EC00DA09AE;
			productRefGroup = F21FA6AE2719F1EC00DA09AE /* Products */;
			projectDirPath = "";
			projectRoot = "";
			targets = (
				F21FA6AC2719F1EC00DA09AE /* Exporter-csv */,
			);
		};
/* End PBXProject section */

/* Begin PBXResourcesBuildPhase section */
		F21FA6AB2719F1EC00DA09AE /* Resources */ = {
			isa = PBXResourcesBuildPhase;
			buildActionMask = 2147483647;
			files = (
				F21FA6BD2719F1EE00DA09AE /* LaunchScreen.storyboard in Resources */,
				F21FA6BA2719F1EE00DA09AE /* Assets.xcassets in Resources */,
				F21FA6B82719F1EC00DA09AE /* Main.storyboard in Resources */,
				F21FA6C72719F2C800DA09AE /* RealmFile.json in Resources */,
			);
			runOnlyForDeploymentPostprocessing = 0;
		};
/* End PBXResourcesBuildPhase section */

/* Begin PBXSourcesBuildPhase section */
		F21FA6A92719F1EC00DA09AE /* Sources */ = {
			isa = PBXSourcesBuildPhase;
			buildActionMask = 2147483647;
			files = (
				F21FA6B52719F1EC00DA09AE /* ViewController.swift in Sources */,
				F21FA6B12719F1EC00DA09AE /* AppDelegate.swift in Sources */,
				F21FA6C52719F21A00DA09AE /* Location.swift in Sources */,
				F21FA6B32719F1EC00DA09AE /* SceneDelegate.swift in Sources */,
			);
			runOnlyForDeploymentPostprocessing = 0;
		};
/* End PBXSourcesBuildPhase section */

/* Begin PBXVariantGroup section */
		F21FA6B62719F1EC00DA09AE /* Main.storyboard */ = {
			isa = PBXVariantGroup;
			children = (
				F21FA6B72719F1EC00DA09AE /* Base */,
			);
			name = Main.storyboard;
			sourceTree = "<group>";
		};
		F21FA6BB2719F1EE00DA09AE /* LaunchScreen.storyboard */ = {
			isa = PBXVariantGroup;
			children = (
				F21FA6BC2719F1EE00DA09AE /* Base */,
			);
			name = LaunchScreen.storyboard;
			sourceTree = "<group>";
		};
/* End PBXVariantGroup section */

/* Begin XCBuildConfiguration section */
		F21FA6BF2719F1EE00DA09AE /* Debug */ = {
			isa = XCBuildConfiguration;
			buildSettings = {
				ALWAYS_SEARCH_USER_PATHS = NO;
				CLANG_ANALYZER_NONNULL = YES;
				CLANG_ANALYZER_NUMBER_OBJECT_CONVERSION = YES_AGGRESSIVE;
				CLANG_CXX_LANGUAGE_STANDARD = "gnu++17";
				CLANG_CXX_LIBRARY = "libc++";
				CLANG_ENABLE_MODULES = YES;
				CLANG_ENABLE_OBJC_ARC = YES;
				CLANG_ENABLE_OBJC_WEAK = YES;
				CLANG_WARN_BLOCK_CAPTURE_AUTORELEASING = YES;
				CLANG_WARN_BOOL_CONVERSION = YES;
				CLANG_WARN_COMMA = YES;
				CLANG_WARN_CONSTANT_CONVERSION = YES;
				CLANG_WARN_DEPRECATED_OBJC_IMPLEMENTATIONS = YES;
				CLANG_WARN_DIRECT_OBJC_ISA_USAGE = YES_ERROR;
				CLANG_WARN_DOCUMENTATION_COMMENTS = YES;
				CLANG_WARN_EMPTY_BODY = YES;
				CLANG_WARN_ENUM_CONVERSION = YES;
				CLANG_WARN_INFINITE_RECURSION = YES;
				CLANG_WARN_INT_CONVERSION = YES;
				CLANG_WARN_NON_LITERAL_NULL_CONVERSION = YES;
				CLANG_WARN_OBJC_IMPLICIT_RETAIN_SELF = YES;
				CLANG_WARN_OBJC_LITERAL_CONVERSION = YES;
				CLANG_WARN_OBJC_ROOT_CLASS = YES_ERROR;
				CLANG_WARN_QUOTED_INCLUDE_IN_FRAMEWORK_HEADER = YES;
				CLANG_WARN_RANGE_LOOP_ANALYSIS = YES;
				CLANG_WARN_STRICT_PROTOTYPES = YES;
				CLANG_WARN_SUSPICIOUS_MOVE = YES;
				CLANG_WARN_UNGUARDED_AVAILABILITY = YES_AGGRESSIVE;
				CLANG_WARN_UNREACHABLE_CODE = YES;
				CLANG_WARN__DUPLICATE_METHOD_MATCH = YES;
				COPY_PHASE_STRIP = NO;
				DEBUG_INFORMATION_FORMAT = dwarf;
				ENABLE_STRICT_OBJC_MSGSEND = YES;
				ENABLE_TESTABILITY = YES;
				GCC_C_LANGUAGE_STANDARD = gnu11;
				GCC_DYNAMIC_NO_PIC = NO;
				GCC_NO_COMMON_BLOCKS = YES;
				GCC_OPTIMIZATION_LEVEL = 0;
				GCC_PREPROCESSOR_DEFINITIONS = (
					"DEBUG=1",
					"$(inherited)",
				);
				GCC_WARN_64_TO_32_BIT_CONVERSION = YES;
				GCC_WARN_ABOUT_RETURN_TYPE = YES_ERROR;
				GCC_WARN_UNDECLARED_SELECTOR = YES;
				GCC_WARN_UNINITIALIZED_AUTOS = YES_AGGRESSIVE;
				GCC_WARN_UNUSED_FUNCTION = YES;
				GCC_WARN_UNUSED_VARIABLE = YES;
				IPHONEOS_DEPLOYMENT_TARGET = 15.0;
				MTL_ENABLE_DEBUG_INFO = INCLUDE_SOURCE;
				MTL_FAST_MATH = YES;
				ONLY_ACTIVE_ARCH = YES;
				SDKROOT = iphoneos;
				SWIFT_ACTIVE_COMPILATION_CONDITIONS = DEBUG;
				SWIFT_OPTIMIZATION_LEVEL = "-Onone";
			};
			name = Debug;
		};
		F21FA6C02719F1EE00DA09AE /* Release */ = {
			isa = XCBuildConfiguration;
			buildSettings = {
				ALWAYS_SEARCH_USER_PATHS = NO;
				CLANG_ANALYZER_NONNULL = YES;
				CLANG_ANALYZER_NUMBER_OBJECT_CONVERSION = YES_AGGRESSIVE;
				CLANG_CXX_LANGUAGE_STANDARD = "gnu++17";
				CLANG_CXX_LIBRARY = "libc++";
				CLANG_ENABLE_MODULES = YES;
				CLANG_ENABLE_OBJC_ARC = YES;
				CLANG_ENABLE_OBJC_WEAK = YES;
				CLANG_WARN_BLOCK_CAPTURE_AUTORELEASING = YES;
				CLANG_WARN_BOOL_CONVERSION = YES;
				CLANG_WARN_COMMA = YES;
				CLANG_WARN_CONSTANT_CONVERSION = YES;
				CLANG_WARN_DEPRECATED_OBJC_IMPLEMENTATIONS = YES;
				CLANG_WARN_DIRECT_OBJC_ISA_USAGE = YES_ERROR;
				CLANG_WARN_DOCUMENTATION_COMMENTS = YES;
				CLANG_WARN_EMPTY_BODY = YES;
				CLANG_WARN_ENUM_CONVERSION = YES;
				CLANG_WARN_INFINITE_RECURSION = YES;
				CLANG_WARN_INT_CONVERSION = YES;
				CLANG_WARN_NON_LITERAL_NULL_CONVERSION = YES;
				CLANG_WARN_OBJC_IMPLICIT_RETAIN_SELF = YES;
				CLANG_WARN_OBJC_LITERAL_CONVERSION = YES;
				CLANG_WARN_OBJC_ROOT_CLASS = YES_ERROR;
				CLANG_WARN_QUOTED_INCLUDE_IN_FRAMEWORK_HEADER = YES;
				CLANG_WARN_RANGE_LOOP_ANALYSIS = YES;
				CLANG_WARN_STRICT_PROTOTYPES = YES;
				CLANG_WARN_SUSPICIOUS_MOVE = YES;
				CLANG_WARN_UNGUARDED_AVAILABILITY = YES_AGGRESSIVE;
				CLANG_WARN_UNREACHABLE_CODE = YES;
				CLANG_WARN__DUPLICATE_METHOD_MATCH = YES;
				COPY_PHASE_STRIP = NO;
				DEBUG_INFORMATION_FORMAT = "dwarf-with-dsym";
				ENABLE_NS_ASSERTIONS = NO;
				ENABLE_STRICT_OBJC_MSGSEND = YES;
				GCC_C_LANGUAGE_STANDARD = gnu11;
				GCC_NO_COMMON_BLOCKS = YES;
				GCC_WARN_64_TO_32_BIT_CONVERSION = YES;
				GCC_WARN_ABOUT_RETURN_TYPE = YES_ERROR;
				GCC_WARN_UNDECLARED_SELECTOR = YES;
				GCC_WARN_UNINITIALIZED_AUTOS = YES_AGGRESSIVE;
				GCC_WARN_UNUSED_FUNCTION = YES;
				GCC_WARN_UNUSED_VARIABLE = YES;
				IPHONEOS_DEPLOYMENT_TARGET = 15.0;
				MTL_ENABLE_DEBUG_INFO = NO;
				MTL_FAST_MATH = YES;
				SDKROOT = iphoneos;
				SWIFT_COMPILATION_MODE = wholemodule;
				SWIFT_OPTIMIZATION_LEVEL = "-O";
				VALIDATE_PRODUCT = YES;
			};
			name = Release;
		};
		F21FA6C22719F1EE00DA09AE /* Debug */ = {
			isa = XCBuildConfiguration;
			buildSettings = {
				ASSETCATALOG_COMPILER_APPICON_NAME = AppIcon;
				ASSETCATALOG_COMPILER_GLOBAL_ACCENT_COLOR_NAME = AccentColor;
				CODE_SIGN_STYLE = Automatic;
				CURRENT_PROJECT_VERSION = 1;
				DEVELOPMENT_TEAM = KL58X3P954;
				GENERATE_INFOPLIST_FILE = YES;
				INFOPLIST_FILE = "Exporter-csv/Info.plist";
				INFOPLIST_KEY_UIApplicationSupportsIndirectInputEvents = YES;
				INFOPLIST_KEY_UILaunchStoryboardName = LaunchScreen;
				INFOPLIST_KEY_UIMainStoryboardFile = Main;
				INFOPLIST_KEY_UISupportedInterfaceOrientations_iPad = "UIInterfaceOrientationPortrait UIInterfaceOrientationPortraitUpsideDown UIInterfaceOrientationLandscapeLeft UIInterfaceOrientationLandscapeRight";
				INFOPLIST_KEY_UISupportedInterfaceOrientations_iPhone = "UIInterfaceOrientationPortrait UIInterfaceOrientationLandscapeLeft UIInterfaceOrientationLandscapeRight";
				LD_RUNPATH_SEARCH_PATHS = (
					"$(inherited)",
					"@executable_path/Frameworks",
				);
				MARKETING_VERSION = 1.0;
				PRODUCT_BUNDLE_IDENTIFIER = "com.myriadmobile.Exporter-csv";
				PRODUCT_NAME = "$(TARGET_NAME)";
				SWIFT_EMIT_LOC_STRINGS = YES;
				SWIFT_VERSION = 5.0;
				TARGETED_DEVICE_FAMILY = "1,2";
			};
			name = Debug;
		};
		F21FA6C32719F1EE00DA09AE /* Release */ = {
			isa = XCBuildConfiguration;
			buildSettings = {
				ASSETCATALOG_COMPILER_APPICON_NAME = AppIcon;
				ASSETCATALOG_COMPILER_GLOBAL_ACCENT_COLOR_NAME = AccentColor;
				CODE_SIGN_STYLE = Automatic;
				CURRENT_PROJECT_VERSION = 1;
				DEVELOPMENT_TEAM = KL58X3P954;
				GENERATE_INFOPLIST_FILE = YES;
				INFOPLIST_FILE = "Exporter-csv/Info.plist";
				INFOPLIST_KEY_UIApplicationSupportsIndirectInputEvents = YES;
				INFOPLIST_KEY_UILaunchStoryboardName = LaunchScreen;
				INFOPLIST_KEY_UIMainStoryboardFile = Main;
				INFOPLIST_KEY_UISupportedInterfaceOrientations_iPad = "UIInterfaceOrientationPortrait UIInterfaceOrientationPortraitUpsideDown UIInterfaceOrientationLandscapeLeft UIInterfaceOrientationLandscapeRight";
				INFOPLIST_KEY_UISupportedInterfaceOrientations_iPhone = "UIInterfaceOrientationPortrait UIInterfaceOrientationLandscapeLeft UIInterfaceOrientationLandscapeRight";
				LD_RUNPATH_SEARCH_PATHS = (
					"$(inherited)",
					"@executable_path/Frameworks",
				);
				MARKETING_VERSION = 1.0;
				PRODUCT_BUNDLE_IDENTIFIER = "com.myriadmobile.Exporter-csv";
				PRODUCT_NAME = "$(TARGET_NAME)";
				SWIFT_EMIT_LOC_STRINGS = YES;
				SWIFT_VERSION = 5.0;
				TARGETED_DEVICE_FAMILY = "1,2";
			};
			name = Release;
		};
/* End XCBuildConfiguration section */

/* Begin XCConfigurationList section */
		F21FA6A82719F1EC00DA09AE /* Build configuration list for PBXProject "Exporter-csv" */ = {
			isa = XCConfigurationList;
			buildConfigurations = (
				F21FA6BF2719F1EE00DA09AE /* Debug */,
				F21FA6C02719F1EE00DA09AE /* Release */,
			);
			defaultConfigurationIsVisible = 0;
			defaultConfigurationName = Release;
		};
		F21FA6C12719F1EE00DA09AE /* Build configuration list for PBXNativeTarget "Exporter-csv" */ = {
			isa = XCConfigurationList;
			buildConfigurations = (
				F21FA6C22719F1EE00DA09AE /* Debug */,
				F21FA6C32719F1EE00DA09AE /* Release */,
			);
			defaultConfigurationIsVisible = 0;
			defaultConfigurationName = Release;
		};
/* End XCConfigurationList section */
	};
	rootObject = F21FA6A52719F1EC00DA09AE /* Project object */;
}
